
Microsoft Visual Studio Solution File, Format Version 12.00
# Visual Studio Version 17
VisualStudioVersion = 17.14.36414.22 d17.14
MinimumVisualStudioVersion = 10.0.40219.1
Project("{FAE04EC0-301F-11D3-BF4B-00C04F79EFBC}") = "BPNN", "BPNN.csproj", "{C42766DD-23CE-4A22-9190-35832943C082}"
EndProject
Global
	GlobalSection(SolutionConfigurationPlatforms) = preSolution
		Debug|Any CPU = Debug|Any CPU
		Release|Any CPU = Release|Any CPU
	EndGlobalSection
	GlobalSection(ProjectConfigurationPlatforms) = postSolution
		{C42766DD-23CE-4A22-9190-35832943C082}.Debug|Any CPU.ActiveCfg = Debug|Any CPU
		{C42766DD-23CE-4A22-9190-35832943C082}.Debug|Any CPU.Build.0 = Debug|Any CPU
		{C42766DD-23CE-4A22-9190-35832943C082}.Release|Any CPU.ActiveCfg = Release|Any CPU
		{C42766DD-23CE-4A22-9190-35832943C082}.Release|Any CPU.Build.0 = Release|Any CPU
	EndGlobalSection
	GlobalSection(SolutionProperties) = preSolution
		HideSolutionNode = FALSE
	EndGlobalSection
	GlobalSection(ExtensibilityGlobals) = postSolution
		SolutionGuid = {D3A711EC-78FC-42CB-B8B6-FA7083AC94B6}
	EndGlobalSection
EndGlobal
